
Microsoft Visual Studio Solution File, Format Version 12.00
# Visual Studio Version 17
VisualStudioVersion = 17.10.35122.118
MinimumVisualStudioVersion = 10.0.40219.1
Project("{9A19103F-16F7-4668-BE54-9A1E7A4F7556}") = "AkelonTestEdit", "AkelonTest\AkelonTestEdit.csproj", "{DE201736-66FA-4BD6-9C51-044B246A1860}"
EndProject
Project("{FAE04EC0-301F-11D3-BF4B-00C04F79EFBC}") = "AkelonTestOriginal", "AkelonTestOriginal\AkelonTestOriginal.csproj", "{15F00D9A-A550-4254-88F4-C6CC427EAF4D}"
EndProject
Project("{FAE04EC0-301F-11D3-BF4B-00C04F79EFBC}") = "AkelonTestVacationResult", "AkelonTestVacationResult\AkelonTestVacationResult.csproj", "{8F31C09F-6FEB-4104-B755-B80294A14549}"
EndProject
Global
	GlobalSection(SolutionConfigurationPlatforms) = preSolution
		Debug|Any CPU = Debug|Any CPU
		Release|Any CPU = Release|Any CPU
	EndGlobalSection
	GlobalSection(ProjectConfigurationPlatforms) = postSolution
		{DE201736-66FA-4BD6-9C51-044B246A1860}.Debug|Any CPU.ActiveCfg = Debug|Any CPU
		{DE201736-66FA-4BD6-9C51-044B246A1860}.Debug|Any CPU.Build.0 = Debug|Any CPU
		{DE201736-66FA-4BD6-9C51-044B246A1860}.Release|Any CPU.ActiveCfg = Release|Any CPU
		{DE201736-66FA-4BD6-9C51-044B246A1860}.Release|Any CPU.Build.0 = Release|Any CPU
		{15F00D9A-A550-4254-88F4-C6CC427EAF4D}.Debug|Any CPU.ActiveCfg = Debug|Any CPU
		{15F00D9A-A550-4254-88F4-C6CC427EAF4D}.Debug|Any CPU.Build.0 = Debug|Any CPU
		{15F00D9A-A550-4254-88F4-C6CC427EAF4D}.Release|Any CPU.ActiveCfg = Release|Any CPU
		{15F00D9A-A550-4254-88F4-C6CC427EAF4D}.Release|Any CPU.Build.0 = Release|Any CPU
		{8F31C09F-6FEB-4104-B755-B80294A14549}.Debug|Any CPU.ActiveCfg = Debug|Any CPU
		{8F31C09F-6FEB-4104-B755-B80294A14549}.Debug|Any CPU.Build.0 = Debug|Any CPU
		{8F31C09F-6FEB-4104-B755-B80294A14549}.Release|Any CPU.ActiveCfg = Release|Any CPU
		{8F31C09F-6FEB-4104-B755-B80294A14549}.Release|Any CPU.Build.0 = Release|Any CPU
	EndGlobalSection
	GlobalSection(SolutionProperties) = preSolution
		HideSolutionNode = FALSE
	EndGlobalSection
	GlobalSection(ExtensibilityGlobals) = postSolution
		SolutionGuid = {6059D656-0FE3-4182-87D9-D455DC105C63}
	EndGlobalSection
EndGlobal
